
Microsoft Visual Studio Solution File, Format Version 12.00
# Visual Studio 15
VisualStudioVersion = 15.0.26124.0
MinimumVisualStudioVersion = 15.0.26124.0
Project("{2150E333-8FDC-42A3-9474-1A3956D46DE8}") = "src", "src", "{5816EC1E-4ABD-4F8B-84ED-A9EC8E04621E}"
EndProject
Project("{FAE04EC0-301F-11D3-BF4B-00C04F79EFBC}") = "CyberPet", "src\CyberPet\CyberPet.csproj", "{E42CBA9C-8D32-40BA-9BE6-B5DB56D24E3D}"
EndProject
Project("{2150E333-8FDC-42A3-9474-1A3956D46DE8}") = "test", "test", "{2B90E5FE-6DED-423C-935D-E545790C4D95}"
EndProject
Project("{FAE04EC0-301F-11D3-BF4B-00C04F79EFBC}") = "test", "test\CyberPet.Tests\test.csproj", "{E7E6DB8F-A8E9-40A0-84E7-A14BD54E5ACA}"
EndProject
Global
	GlobalSection(SolutionConfigurationPlatforms) = preSolution
		Debug|Any CPU = Debug|Any CPU
		Debug|x64 = Debug|x64
		Debug|x86 = Debug|x86
		Release|Any CPU = Release|Any CPU
		Release|x64 = Release|x64
		Release|x86 = Release|x86
	EndGlobalSection
	GlobalSection(SolutionProperties) = preSolution
		HideSolutionNode = FALSE
	EndGlobalSection
	GlobalSection(ProjectConfigurationPlatforms) = postSolution
		{E42CBA9C-8D32-40BA-9BE6-B5DB56D24E3D}.Debug|Any CPU.ActiveCfg = Debug|Any CPU
		{E42CBA9C-8D32-40BA-9BE6-B5DB56D24E3D}.Debug|Any CPU.Build.0 = Debug|Any CPU
		{E42CBA9C-8D32-40BA-9BE6-B5DB56D24E3D}.Debug|x64.ActiveCfg = Debug|Any CPU
		{E42CBA9C-8D32-40BA-9BE6-B5DB56D24E3D}.Debug|x64.Build.0 = Debug|Any CPU
		{E42CBA9C-8D32-40BA-9BE6-B5DB56D24E3D}.Debug|x86.ActiveCfg = Debug|Any CPU
		{E42CBA9C-8D32-40BA-9BE6-B5DB56D24E3D}.Debug|x86.Build.0 = Debug|Any CPU
		{E42CBA9C-8D32-40BA-9BE6-B5DB56D24E3D}.Release|Any CPU.ActiveCfg = Release|Any CPU
		{E42CBA9C-8D32-40BA-9BE6-B5DB56D24E3D}.Release|Any CPU.Build.0 = Release|Any CPU
		{E42CBA9C-8D32-40BA-9BE6-B5DB56D24E3D}.Release|x64.ActiveCfg = Release|Any CPU
		{E42CBA9C-8D32-40BA-9BE6-B5DB56D24E3D}.Release|x64.Build.0 = Release|Any CPU
		{E42CBA9C-8D32-40BA-9BE6-B5DB56D24E3D}.Release|x86.ActiveCfg = Release|Any CPU
		{E42CBA9C-8D32-40BA-9BE6-B5DB56D24E3D}.Release|x86.Build.0 = Release|Any CPU
		{E7E6DB8F-A8E9-40A0-84E7-A14BD54E5ACA}.Debug|Any CPU.ActiveCfg = Debug|Any CPU
		{E7E6DB8F-A8E9-40A0-84E7-A14BD54E5ACA}.Debug|Any CPU.Build.0 = Debug|Any CPU
		{E7E6DB8F-A8E9-40A0-84E7-A14BD54E5ACA}.Debug|x64.ActiveCfg = Debug|Any CPU
		{E7E6DB8F-A8E9-40A0-84E7-A14BD54E5ACA}.Debug|x64.Build.0 = Debug|Any CPU
		{E7E6DB8F-A8E9-40A0-84E7-A14BD54E5ACA}.Debug|x86.ActiveCfg = Debug|Any CPU
		{E7E6DB8F-A8E9-40A0-84E7-A14BD54E5ACA}.Debug|x86.Build.0 = Debug|Any CPU
		{E7E6DB8F-A8E9-40A0-84E7-A14BD54E5ACA}.Release|Any CPU.ActiveCfg = Release|Any CPU
		{E7E6DB8F-A8E9-40A0-84E7-A14BD54E5ACA}.Release|Any CPU.Build.0 = Release|Any CPU
		{E7E6DB8F-A8E9-40A0-84E7-A14BD54E5ACA}.Release|x64.ActiveCfg = Release|Any CPU
		{E7E6DB8F-A8E9-40A0-84E7-A14BD54E5ACA}.Release|x64.Build.0 = Release|Any CPU
		{E7E6DB8F-A8E9-40A0-84E7-A14BD54E5ACA}.Release|x86.ActiveCfg = Release|Any CPU
		{E7E6DB8F-A8E9-40A0-84E7-A14BD54E5ACA}.Release|x86.Build.0 = Release|Any CPU
	EndGlobalSection
	GlobalSection(NestedProjects) = preSolution
		{E42CBA9C-8D32-40BA-9BE6-B5DB56D24E3D} = {5816EC1E-4ABD-4F8B-84ED-A9EC8E04621E}
		{E7E6DB8F-A8E9-40A0-84E7-A14BD54E5ACA} = {2B90E5FE-6DED-423C-935D-E545790C4D95}
	EndGlobalSection
EndGlobal
